
Microsoft Visual Studio Solution File, Format Version 12.00
# Visual Studio Version 17
VisualStudioVersion = 17.14.36109.1
MinimumVisualStudioVersion = 10.0.40219.1
Project("{FAE04EC0-301F-11D3-BF4B-00C04F79EFBC}") = "EduOMO", "MMOEdu\EduOMO.csproj", "{93930F04-FE85-439A-8CE2-58444B84B6FB}"
EndProject
Project("{FAE04EC0-301F-11D3-BF4B-00C04F79EFBC}") = "EduOMO.Data", "MMOEdu.Data\EduOMO.Data.csproj", "{B02FCA33-8320-4576-B5A2-05D9D1B35298}"
EndProject
Global
	GlobalSection(SolutionConfigurationPlatforms) = preSolution
		Debug|Any CPU = Debug|Any CPU
		Release|Any CPU = Release|Any CPU
	EndGlobalSection
	GlobalSection(ProjectConfigurationPlatforms) = postSolution
		{93930F04-FE85-439A-8CE2-58444B84B6FB}.Debug|Any CPU.ActiveCfg = Debug|Any CPU
		{93930F04-FE85-439A-8CE2-58444B84B6FB}.Debug|Any CPU.Build.0 = Debug|Any CPU
		{93930F04-FE85-439A-8CE2-58444B84B6FB}.Release|Any CPU.ActiveCfg = Release|Any CPU
		{93930F04-FE85-439A-8CE2-58444B84B6FB}.Release|Any CPU.Build.0 = Release|Any CPU
		{B02FCA33-8320-4576-B5A2-05D9D1B35298}.Debug|Any CPU.ActiveCfg = Debug|Any CPU
		{B02FCA33-8320-4576-B5A2-05D9D1B35298}.Debug|Any CPU.Build.0 = Debug|Any CPU
		{B02FCA33-8320-4576-B5A2-05D9D1B35298}.Release|Any CPU.ActiveCfg = Release|Any CPU
		{B02FCA33-8320-4576-B5A2-05D9D1B35298}.Release|Any CPU.Build.0 = Release|Any CPU
	EndGlobalSection
	GlobalSection(SolutionProperties) = preSolution
		HideSolutionNode = FALSE
	EndGlobalSection
	GlobalSection(ExtensibilityGlobals) = postSolution
		SolutionGuid = {0F5A8BDC-5CA8-44EE-834F-14460A3BF151}
	EndGlobalSection
EndGlobal
